
Microsoft Visual Studio Solution File, Format Version 12.00
# Visual Studio Version 17
VisualStudioVersion = 17.9.34902.65
MinimumVisualStudioVersion = 10.0.40219.1
Project("{9A19103F-16F7-4668-BE54-9A1E7A4F7556}") = "CakeBuild", "CakeBuild\CakeBuild.csproj", "{B563409E-986C-4383-8C20-A3AC2D7A1D54}"
EndProject
Project("{2150E333-8FDC-42A3-9474-1A3956D46DE8}") = "Source Code", "Source Code", "{30C0494F-CC49-410E-A7C0-3701BF031EDB}"
EndProject
Project("{9A19103F-16F7-4668-BE54-9A1E7A4F7556}") = "VintagestoryAPI", "..\BaseMods\vsapi\VintagestoryAPI.csproj", "{627C3106-B219-421F-B193-4F6445A5B234}"
EndProject
Project("{9A19103F-16F7-4668-BE54-9A1E7A4F7556}") = "VSEssentialsMod", "..\BaseMods\vsessentialsmod\VSEssentialsMod.csproj", "{D93FA753-D1D2-478F-A3CB-5DB26DA96E51}"
EndProject
Project("{9A19103F-16F7-4668-BE54-9A1E7A4F7556}") = "VSSurvivalMod", "..\BaseMods\vssurvivalmod\VSSurvivalMod.csproj", "{7B9806D6-E344-4EAF-AF5D-3EB00418BAD6}"
EndProject
Project("{FAE04EC0-301F-11D3-BF4B-00C04F79EFBC}") = "Toolsmith", "..\Toolsmith\Toolsmith\Toolsmith.csproj", "{B713AACF-3FF1-990B-B038-974AD0E98D62}"
EndProject
Project("{FAE04EC0-301F-11D3-BF4B-00C04F79EFBC}") = "SmithingOverhaul", "SmithingOverhaul\SmithingOverhaul.csproj", "{641F9E96-0508-F1B7-8206-601A43A361BD}"
EndProject
Project("{2150E333-8FDC-42A3-9474-1A3956D46DE8}") = "UsefulMods", "UsefulMods", "{02EA681E-C7D8-13C7-8484-4AC65E1B71E8}"
EndProject
Project("{FAE04EC0-301F-11D3-BF4B-00C04F79EFBC}") = "SmithingPlus", "..\SmithingPlus\SmithingPlus\SmithingPlus.csproj", "{B8E52A9A-482F-D812-AB57-6DD3FF2BCEE3}"
EndProject
Global
	GlobalSection(SolutionConfigurationPlatforms) = preSolution
		Debug|Any CPU = Debug|Any CPU
		DefaultBuild|Any CPU = DefaultBuild|Any CPU
		PerfTest|Any CPU = PerfTest|Any CPU
		Release|Any CPU = Release|Any CPU
	EndGlobalSection
	GlobalSection(ProjectConfigurationPlatforms) = postSolution
		{B563409E-986C-4383-8C20-A3AC2D7A1D54}.Debug|Any CPU.ActiveCfg = Debug|Any CPU
		{B563409E-986C-4383-8C20-A3AC2D7A1D54}.Debug|Any CPU.Build.0 = Debug|Any CPU
		{B563409E-986C-4383-8C20-A3AC2D7A1D54}.DefaultBuild|Any CPU.ActiveCfg = DefaultBuild|Any CPU
		{B563409E-986C-4383-8C20-A3AC2D7A1D54}.DefaultBuild|Any CPU.Build.0 = DefaultBuild|Any CPU
		{B563409E-986C-4383-8C20-A3AC2D7A1D54}.PerfTest|Any CPU.ActiveCfg = Debug|Any CPU
		{B563409E-986C-4383-8C20-A3AC2D7A1D54}.PerfTest|Any CPU.Build.0 = Debug|Any CPU
		{B563409E-986C-4383-8C20-A3AC2D7A1D54}.Release|Any CPU.ActiveCfg = Release|Any CPU
		{B563409E-986C-4383-8C20-A3AC2D7A1D54}.Release|Any CPU.Build.0 = Release|Any CPU
		{627C3106-B219-421F-B193-4F6445A5B234}.Debug|Any CPU.ActiveCfg = Debug|Any CPU
		{627C3106-B219-421F-B193-4F6445A5B234}.Debug|Any CPU.Build.0 = Debug|Any CPU
		{627C3106-B219-421F-B193-4F6445A5B234}.DefaultBuild|Any CPU.ActiveCfg = DefaultBuild|Any CPU
		{627C3106-B219-421F-B193-4F6445A5B234}.PerfTest|Any CPU.ActiveCfg = PerfTest|Any CPU
		{627C3106-B219-421F-B193-4F6445A5B234}.PerfTest|Any CPU.Build.0 = PerfTest|Any CPU
		{627C3106-B219-421F-B193-4F6445A5B234}.Release|Any CPU.ActiveCfg = Release|Any CPU
		{627C3106-B219-421F-B193-4F6445A5B234}.Release|Any CPU.Build.0 = Release|Any CPU
		{D93FA753-D1D2-478F-A3CB-5DB26DA96E51}.Debug|Any CPU.ActiveCfg = Debug|Any CPU
		{D93FA753-D1D2-478F-A3CB-5DB26DA96E51}.Debug|Any CPU.Build.0 = Debug|Any CPU
		{D93FA753-D1D2-478F-A3CB-5DB26DA96E51}.DefaultBuild|Any CPU.ActiveCfg = DefaultBuild|Any CPU
		{D93FA753-D1D2-478F-A3CB-5DB26DA96E51}.PerfTest|Any CPU.ActiveCfg = PerfTest|Any CPU
		{D93FA753-D1D2-478F-A3CB-5DB26DA96E51}.PerfTest|Any CPU.Build.0 = PerfTest|Any CPU
		{D93FA753-D1D2-478F-A3CB-5DB26DA96E51}.Release|Any CPU.ActiveCfg = Release|Any CPU
		{D93FA753-D1D2-478F-A3CB-5DB26DA96E51}.Release|Any CPU.Build.0 = Release|Any CPU
		{7B9806D6-E344-4EAF-AF5D-3EB00418BAD6}.Debug|Any CPU.ActiveCfg = Debug|Any CPU
		{7B9806D6-E344-4EAF-AF5D-3EB00418BAD6}.Debug|Any CPU.Build.0 = Debug|Any CPU
		{7B9806D6-E344-4EAF-AF5D-3EB00418BAD6}.DefaultBuild|Any CPU.ActiveCfg = DefaultBuild|Any CPU
		{7B9806D6-E344-4EAF-AF5D-3EB00418BAD6}.PerfTest|Any CPU.ActiveCfg = PerfTest|Any CPU
		{7B9806D6-E344-4EAF-AF5D-3EB00418BAD6}.PerfTest|Any CPU.Build.0 = PerfTest|Any CPU
		{7B9806D6-E344-4EAF-AF5D-3EB00418BAD6}.Release|Any CPU.ActiveCfg = Release|Any CPU
		{7B9806D6-E344-4EAF-AF5D-3EB00418BAD6}.Release|Any CPU.Build.0 = Release|Any CPU
		{B713AACF-3FF1-990B-B038-974AD0E98D62}.Debug|Any CPU.ActiveCfg = Debug|Any CPU
		{B713AACF-3FF1-990B-B038-974AD0E98D62}.Debug|Any CPU.Build.0 = Debug|Any CPU
		{B713AACF-3FF1-990B-B038-974AD0E98D62}.DefaultBuild|Any CPU.ActiveCfg = DefaultBuild|Any CPU
		{B713AACF-3FF1-990B-B038-974AD0E98D62}.DefaultBuild|Any CPU.Build.0 = DefaultBuild|Any CPU
		{B713AACF-3FF1-990B-B038-974AD0E98D62}.PerfTest|Any CPU.ActiveCfg = Debug|Any CPU
		{B713AACF-3FF1-990B-B038-974AD0E98D62}.PerfTest|Any CPU.Build.0 = Debug|Any CPU
		{B713AACF-3FF1-990B-B038-974AD0E98D62}.Release|Any CPU.ActiveCfg = Release|Any CPU
		{B713AACF-3FF1-990B-B038-974AD0E98D62}.Release|Any CPU.Build.0 = Release|Any CPU
		{641F9E96-0508-F1B7-8206-601A43A361BD}.Debug|Any CPU.ActiveCfg = Debug|Any CPU
		{641F9E96-0508-F1B7-8206-601A43A361BD}.Debug|Any CPU.Build.0 = Debug|Any CPU
		{641F9E96-0508-F1B7-8206-601A43A361BD}.DefaultBuild|Any CPU.ActiveCfg = DefaultBuild|Any CPU
		{641F9E96-0508-F1B7-8206-601A43A361BD}.DefaultBuild|Any CPU.Build.0 = DefaultBuild|Any CPU
		{641F9E96-0508-F1B7-8206-601A43A361BD}.PerfTest|Any CPU.ActiveCfg = Debug|Any CPU
		{641F9E96-0508-F1B7-8206-601A43A361BD}.PerfTest|Any CPU.Build.0 = Debug|Any CPU
		{641F9E96-0508-F1B7-8206-601A43A361BD}.Release|Any CPU.ActiveCfg = Release|Any CPU
		{641F9E96-0508-F1B7-8206-601A43A361BD}.Release|Any CPU.Build.0 = Release|Any CPU
		{B8E52A9A-482F-D812-AB57-6DD3FF2BCEE3}.Debug|Any CPU.ActiveCfg = Debug|Any CPU
		{B8E52A9A-482F-D812-AB57-6DD3FF2BCEE3}.Debug|Any CPU.Build.0 = Debug|Any CPU
		{B8E52A9A-482F-D812-AB57-6DD3FF2BCEE3}.DefaultBuild|Any CPU.ActiveCfg = Release|Any CPU
		{B8E52A9A-482F-D812-AB57-6DD3FF2BCEE3}.DefaultBuild|Any CPU.Build.0 = Release|Any CPU
		{B8E52A9A-482F-D812-AB57-6DD3FF2BCEE3}.PerfTest|Any CPU.ActiveCfg = Debug|Any CPU
		{B8E52A9A-482F-D812-AB57-6DD3FF2BCEE3}.PerfTest|Any CPU.Build.0 = Debug|Any CPU
		{B8E52A9A-482F-D812-AB57-6DD3FF2BCEE3}.Release|Any CPU.ActiveCfg = Release|Any CPU
		{B8E52A9A-482F-D812-AB57-6DD3FF2BCEE3}.Release|Any CPU.Build.0 = Release|Any CPU
	EndGlobalSection
	GlobalSection(SolutionProperties) = preSolution
		HideSolutionNode = FALSE
	EndGlobalSection
	GlobalSection(NestedProjects) = preSolution
		{627C3106-B219-421F-B193-4F6445A5B234} = {30C0494F-CC49-410E-A7C0-3701BF031EDB}
		{D93FA753-D1D2-478F-A3CB-5DB26DA96E51} = {30C0494F-CC49-410E-A7C0-3701BF031EDB}
		{7B9806D6-E344-4EAF-AF5D-3EB00418BAD6} = {30C0494F-CC49-410E-A7C0-3701BF031EDB}
		{B713AACF-3FF1-990B-B038-974AD0E98D62} = {02EA681E-C7D8-13C7-8484-4AC65E1B71E8}
		{B8E52A9A-482F-D812-AB57-6DD3FF2BCEE3} = {02EA681E-C7D8-13C7-8484-4AC65E1B71E8}
	EndGlobalSection
	GlobalSection(ExtensibilityGlobals) = postSolution
		SolutionGuid = {5DBB443B-495F-4E3A-9335-D1EF13DB3F9E}
	EndGlobalSection
EndGlobal
